<?xml version="1.0" encoding="utf-8"?>
<Project ToolsVersion="4.0" xmlns="http://schemas.microsoft.com/developer/msbuild/2003">
  <ItemGroup>
    <Filter Include="Source Files">
      <UniqueIdentifier>{4FC737F1-C7A5-4376-A066-2A32D752A2FF}</UniqueIdentifier>
      <Extensions>cpp;c;cc;cxx;def;odl;idl;hpj;bat;asm;asmx</Extensions>
    </Filter>
    <Filter Include="Header Files">
      <UniqueIdentifier>{93995380-89BD-4b04-88EB-625FBE52EBFB}</UniqueIdentifier>
      <Extensions>h;hh;hpp;hxx;hm;inl;inc;ipp;xsd</Extensions>
    </Filter>
    <Filter Include="Resource Files">
      <UniqueIdentifier>{67DA6AB6-F800-4c08-8B7A-83BB121AAD01}</UniqueIdentifier>
      <Extensions>rc;ico;cur;bmp;dlg;rc2;rct;bin;rgs;gif;jpg;jpeg;jpe;resx;tiff;tif;png;wav;mfcribbon-ms</Extensions>
    </Filter>
  </ItemGroup>
  <ItemGroup>
    <ClCompile Include="Chili\WindowsMessageMap.cpp">
      <Filter>Source Files</Filter>
    </ClCompile>
    <ClCompile Include="Chili\WinMain.cpp">
      <Filter>Source Files</Filter>
    </ClCompile>
    <ClCompile Include="Chili\Window.cpp">
      <Filter>Source Files</Filter>
    </ClCompile>
    <ClCompile Include="Chili\ChiliException.cpp">
      <Filter>Source Files</Filter>
    </ClCompile>
    <ClCompile Include="Chili\Keyboard.cpp">
      <Filter>Source Files</Filter>
    </ClCompile>
    <ClCompile Include="Chili\Mouse.cpp">
      <Filter>Source Files</Filter>
    </ClCompile>
    <ClCompile Include="Chili\App.cpp">
      <Filter>Source Files</Filter>
    </ClCompile>
    <ClCompile Include="Chili\ChiliTimer.cpp">
      <Filter>Source Files</Filter>
    </ClCompile>
    <ClCompile Include="Chili\Graphics.cpp">
      <Filter>Source Files</Filter>
    </ClCompile>
    <ClCompile Include="Chili\dxerr.cpp">
      <Filter>Source Files</Filter>
    </ClCompile>
    <ClCompile Include="Chili\DxgiInfoManager.cpp">
      <Filter>Source Files</Filter>
    </ClCompile>
    <ClCompile Include="Chili\Bindable.cpp">
      <Filter>Source Files</Filter>
    </ClCompile>
    <ClCompile Include="Chili\Drawable.cpp">
      <Filter>Source Files</Filter>
    </ClCompile>
    <ClCompile Include="Chili\IndexBuffer.cpp">
      <Filter>Source Files</Filter>
    </ClCompile>
    <ClCompile Include="Chili\Box.cpp">
      <Filter>Source Files</Filter>
    </ClCompile>
    <ClCompile Include="Chili\InputLayout.cpp">
      <Filter>Source Files</Filter>
    </ClCompile>
    <ClCompile Include="Chili\PixelShader.cpp">
      <Filter>Source Files</Filter>
    </ClCompile>
    <ClCompile Include="Chili\Topology.cpp">
      <Filter>Source Files</Filter>
    </ClCompile>
    <ClCompile Include="Chili\TransformCbuf.cpp">
      <Filter>Source Files</Filter>
    </ClCompile>
    <ClCompile Include="Chili\VertexBuffer.cpp">
      <Filter>Source Files</Filter>
    </ClCompile>
    <ClCompile Include="Chili\VertexShader.cpp">
      <Filter>Source Files</Filter>
    </ClCompile>
  </ItemGroup>
  <ItemGroup>
    <ClInclude Include="Chili\WindowsMessageMap.h">
      <Filter>Header Files</Filter>
    </ClInclude>
    <ClInclude Include="Chili\Window.h">
      <Filter>Header Files</Filter>
    </ClInclude>
    <ClInclude Include="Chili\ChiliWin.h">
      <Filter>Header Files</Filter>
    </ClInclude>
    <ClInclude Include="Chili\ChiliException.h">
      <Filter>Header Files</Filter>
    </ClInclude>
    <ClInclude Include="resource.h">
      <Filter>Header Files</Filter>
    </ClInclude>
    <ClInclude Include="Chili\Keyboard.h">
      <Filter>Header Files</Filter>
    </ClInclude>
    <ClInclude Include="Chili\Mouse.h">
      <Filter>Header Files</Filter>
    </ClInclude>
    <ClInclude Include="Chili\App.h">
      <Filter>Header Files</Filter>
    </ClInclude>
    <ClInclude Include="Chili\ChiliTimer.h">
      <Filter>Header Files</Filter>
    </ClInclude>
    <ClInclude Include="Chili\Graphics.h">
      <Filter>Header Files</Filter>
    </ClInclude>
    <ClInclude Include="Chili\dxerr.h">
      <Filter>Header Files</Filter>
    </ClInclude>
    <ClInclude Include="Chili\DxgiInfoManager.h">
      <Filter>Header Files</Filter>
    </ClInclude>
    <ClInclude Include="Chili\WindowsThrowMacros.h">
      <Filter>Header Files</Filter>
    </ClInclude>
    <ClInclude Include="Chili\GraphicsThrowMacros.h">
      <Filter>Header Files</Filter>
    </ClInclude>
    <ClInclude Include="Chili\Bindable.h">
      <Filter>Header Files</Filter>
    </ClInclude>
    <ClInclude Include="Chili\Drawable.h">
      <Filter>Header Files</Filter>
    </ClInclude>
    <ClInclude Include="Chili\IndexBuffer.h">
      <Filter>Header Files</Filter>
    </ClInclude>
    <ClInclude Include="Chili\Box.h">
      <Filter>Header Files</Filter>
    </ClInclude>
    <ClInclude Include="Chili\BindableBase.h">
      <Filter>Header Files</Filter>
    </ClInclude>
    <ClInclude Include="Chili\ConstantBuffers.h">
      <Filter>Header Files</Filter>
    </ClInclude>
    <ClInclude Include="Chili\InputLayout.h">
      <Filter>Header Files</Filter>
    </ClInclude>
    <ClInclude Include="Chili\PixelShader.h">
      <Filter>Header Files</Filter>
    </ClInclude>
    <ClInclude Include="Chili\Topology.h">
      <Filter>Header Files</Filter>
    </ClInclude>
    <ClInclude Include="Chili\TransformCbuf.h">
      <Filter>Header Files</Filter>
    </ClInclude>
    <ClInclude Include="Chili\VertexBuffer.h">
      <Filter>Header Files</Filter>
    </ClInclude>
    <ClInclude Include="Chili\VertexShader.h">
      <Filter>Header Files</Filter>
    </ClInclude>
    <ClInclude Include="Chili\DrawableBase.h">
      <Filter>Header Files</Filter>
    </ClInclude>
  </ItemGroup>
  <ItemGroup>
    <ResourceCompile Include="hw3d.rc">
      <Filter>Resource Files</Filter>
    </ResourceCompile>
  </ItemGroup>
  <ItemGroup>
    <Image Include="Chili\chili.ico">
      <Filter>Resource Files</Filter>
    </Image>
    <Image Include="chili\icon2.ico">
      <Filter>Resource Files</Filter>
    </Image>
  </ItemGroup>
  <ItemGroup>
    <None Include="Chili\DXGetErrorDescription.inl">
      <Filter>Header Files</Filter>
    </None>
    <None Include="Chili\DXGetErrorString.inl">
      <Filter>Header Files</Filter>
    </None>
    <None Include="Chili\DXTrace.inl">
      <Filter>Header Files</Filter>
    </None>
  </ItemGroup>
  <ItemGroup>
    <FxCompile Include="Chili\VertexShader.hlsl" />
    <FxCompile Include="Chili\PixelShader.hlsl" />
  </ItemGroup>
</Project>